
Microsoft Visual Studio Solution File, Format Version 12.00
# Visual Studio 15
VisualStudioVersion = 15.0.28010.2041
MinimumVisualStudioVersion = 10.0.40219.1
Project("{FAE04EC0-301F-11D3-BF4B-00C04F79EFBC}") = "Inventory1", "Inventory1\Inventory1.csproj", "{8B2F3424-6C64-4945-ACF2-6C81974C53AB}"
EndProject
Global
	GlobalSection(SolutionConfigurationPlatforms) = preSolution
		Debug|Any CPU = Debug|Any CPU
		Release|Any CPU = Release|Any CPU
	EndGlobalSection
	GlobalSection(ProjectConfigurationPlatforms) = postSolution
		{8B2F3424-6C64-4945-ACF2-6C81974C53AB}.Debug|Any CPU.ActiveCfg = Debug|Any CPU
		{8B2F3424-6C64-4945-ACF2-6C81974C53AB}.Debug|Any CPU.Build.0 = Debug|Any CPU
		{8B2F3424-6C64-4945-ACF2-6C81974C53AB}.Release|Any CPU.ActiveCfg = Release|Any CPU
		{8B2F3424-6C64-4945-ACF2-6C81974C53AB}.Release|Any CPU.Build.0 = Release|Any CPU
	EndGlobalSection
	GlobalSection(SolutionProperties) = preSolution
		HideSolutionNode = FALSE
	EndGlobalSection
	GlobalSection(ExtensibilityGlobals) = postSolution
		SolutionGuid = {11724CD9-70A2-4575-BAF8-F8AA758D101A}
	EndGlobalSection
EndGlobal
